
Microsoft Visual Studio Solution File, Format Version 12.00
# Visual Studio Version 17
VisualStudioVersion = 17.13.35828.75 d17.13
MinimumVisualStudioVersion = 10.0.40219.1
Project("{FAE04EC0-301F-11D3-BF4B-00C04F79EFBC}") = "GenerateCode", "..\GenerateCode.csproj", "{A499FF39-C1C7-78FF-DB74-ED8E98B29031}"
EndProject
Global
	GlobalSection(SolutionConfigurationPlatforms) = preSolution
		Debug|Any CPU = Debug|Any CPU
		Release|Any CPU = Release|Any CPU
	EndGlobalSection
	GlobalSection(ProjectConfigurationPlatforms) = postSolution
		{A499FF39-C1C7-78FF-DB74-ED8E98B29031}.Debug|Any CPU.ActiveCfg = Debug|Any CPU
		{A499FF39-C1C7-78FF-DB74-ED8E98B29031}.Debug|Any CPU.Build.0 = Debug|Any CPU
		{A499FF39-C1C7-78FF-DB74-ED8E98B29031}.Release|Any CPU.ActiveCfg = Release|Any CPU
		{A499FF39-C1C7-78FF-DB74-ED8E98B29031}.Release|Any CPU.Build.0 = Release|Any CPU
	EndGlobalSection
	GlobalSection(SolutionProperties) = preSolution
		HideSolutionNode = FALSE
	EndGlobalSection
	GlobalSection(ExtensibilityGlobals) = postSolution
		SolutionGuid = {BCA25072-6D09-49AA-B42D-C65CD76B46E8}
	EndGlobalSection
EndGlobal
